
Microsoft Visual Studio Solution File, Format Version 12.00
# Visual Studio Version 17
VisualStudioVersion = 17.1.31912.358
MinimumVisualStudioVersion = 10.0.40219.1
Project("{FAE04EC0-301F-11D3-BF4B-00C04F79EFBC}") = "GitHubSubscriptionManager.UI", "src\GitHubSubscriptionManager.UI\GitHubSubscriptionManager.UI.csproj", "{6676FC0F-72CD-42C2-9465-3464FB75A66F}"
EndProject
Global
	GlobalSection(SolutionConfigurationPlatforms) = preSolution
		Debug|Any CPU = Debug|Any CPU
		Release|Any CPU = Release|Any CPU
	EndGlobalSection
	GlobalSection(ProjectConfigurationPlatforms) = postSolution
		{6676FC0F-72CD-42C2-9465-3464FB75A66F}.Debug|Any CPU.ActiveCfg = Debug|Any CPU
		{6676FC0F-72CD-42C2-9465-3464FB75A66F}.Debug|Any CPU.Build.0 = Debug|Any CPU
		{6676FC0F-72CD-42C2-9465-3464FB75A66F}.Release|Any CPU.ActiveCfg = Release|Any CPU
		{6676FC0F-72CD-42C2-9465-3464FB75A66F}.Release|Any CPU.Build.0 = Release|Any CPU
	EndGlobalSection
	GlobalSection(SolutionProperties) = preSolution
		HideSolutionNode = FALSE
	EndGlobalSection
	GlobalSection(ExtensibilityGlobals) = postSolution
		SolutionGuid = {4A450A14-9F97-46FF-BEB2-8753C1C77D9E}
	EndGlobalSection
EndGlobal
